{
    "requires": true,
    "lockfileVersion": 1,
    "dependencies": {
        "v-mask": {
            "version": "1.3.0",
            "resolved": "https://registry.npmjs.org/v-mask/-/v-mask-1.3.0.tgz",
            "integrity": "sha512-vlvx75kUAyXYK8p4MMSQ/XKLs/0ME3+BUg/z2jNuLtKctYtzG3Y4/85y9UXug0a+iUgKEZf/aAb5Lnytfwzk7g=="
        }
    }
}
